
Microsoft Visual Studio Solution File, Format Version 12.00
# Visual Studio 14
VisualStudioVersion = 14.0.25123.0
MinimumVisualStudioVersion = 10.0.40219.1
Project("{8B884D8B-AB76-4F8A-9F26-E139B3038F0C}") = "Sitecore.Support.290996.337531", "Sitecore.Support.290996.337531\Sitecore.Support.290996.337531.csproj", "{BDEE3813-4FD3-4BAF-9904-933C110232E8}"
EndProject
Global
	GlobalSection(SolutionConfigurationPlatforms) = preSolution
		Debug|Any CPU = Debug|Any CPU
		Release|Any CPU = Release|Any CPU
	EndGlobalSection
	GlobalSection(ProjectConfigurationPlatforms) = postSolution
		{BDEE3813-4FD3-4BAF-9904-933C110232E8}.Debug|Any CPU.ActiveCfg = Debug|Any CPU
		{BDEE3813-4FD3-4BAF-9904-933C110232E8}.Debug|Any CPU.Build.0 = Debug|Any CPU
		{BDEE3813-4FD3-4BAF-9904-933C110232E8}.Release|Any CPU.ActiveCfg = Release|Any CPU
		{BDEE3813-4FD3-4BAF-9904-933C110232E8}.Release|Any CPU.Build.0 = Release|Any CPU
	EndGlobalSection
	GlobalSection(SolutionProperties) = preSolution
		HideSolutionNode = FALSE
	EndGlobalSection
EndGlobal
